
Microsoft Visual Studio Solution File, Format Version 12.00
# Visual Studio 14
VisualStudioVersion = 14.0.25420.1
MinimumVisualStudioVersion = 10.0.40219.1
Project("{FAE04EC0-301F-11D3-BF4B-00C04F79EFBC}") = "SimpleLifeCounter.Droid", "SimpleLifeCounter\SimpleLifeCounter.Droid\SimpleLifeCounter.Droid.csproj", "{A36FD8A8-8D78-4EF1-AD8E-F03492223173}"
EndProject
Project("{FAE04EC0-301F-11D3-BF4B-00C04F79EFBC}") = "SimpleLifeCounter.iOS", "SimpleLifeCounter\SimpleLifeCounter.iOS\SimpleLifeCounter.iOS.csproj", "{24AEDB96-FF78-445C-9351-64EE0C39B4C0}"
EndProject
Project("{FAE04EC0-301F-11D3-BF4B-00C04F79EFBC}") = "SimpleLifeCounter.WinPhone", "SimpleLifeCounter\SimpleLifeCounter.WinPhone\SimpleLifeCounter.WinPhone.csproj", "{3DF25E8A-077C-437B-8102-B6177C0065CF}"
EndProject
Project("{FAE04EC0-301F-11D3-BF4B-00C04F79EFBC}") = "SimpleLifeCounter.Windows", "SimpleLifeCounter\SimpleLifeCounter.Windows\SimpleLifeCounter.Windows.csproj", "{76B0C785-E5E5-489E-9CB8-3092F150989A}"
EndProject
Project("{FAE04EC0-301F-11D3-BF4B-00C04F79EFBC}") = "SimpleLifeCounter", "SimpleLifeCounter\SimpleLifeCounter\SimpleLifeCounter.csproj", "{05779811-3A1D-40E7-B68F-4454FB0DD859}"
EndProject
Project("{2150E333-8FDC-42A3-9474-1A3956D46DE8}") = "Solution Items", "Solution Items", "{F074A01E-0205-4973-A940-4CFA7B7FE62E}"
	ProjectSection(SolutionItems) = preProject
		README.md = README.md
	EndProjectSection
EndProject
Project("{FAE04EC0-301F-11D3-BF4B-00C04F79EFBC}") = "SimpleLifeCounter.UWP", "SimpleLifeCounter\SimpleLifeCounter.UWP\SimpleLifeCounter.UWP.csproj", "{32C3584A-FDCA-4344-B68F-8EB024E9DE15}"
	ProjectSection(ProjectDependencies) = postProject
		{05779811-3A1D-40E7-B68F-4454FB0DD859} = {05779811-3A1D-40E7-B68F-4454FB0DD859}
	EndProjectSection
EndProject
Global
	GlobalSection(SolutionConfigurationPlatforms) = preSolution
		Ad-Hoc|Any CPU = Ad-Hoc|Any CPU
		Ad-Hoc|ARM = Ad-Hoc|ARM
		Ad-Hoc|iPhone = Ad-Hoc|iPhone
		Ad-Hoc|iPhoneSimulator = Ad-Hoc|iPhoneSimulator
		Ad-Hoc|x64 = Ad-Hoc|x64
		Ad-Hoc|x86 = Ad-Hoc|x86
		AppStore|Any CPU = AppStore|Any CPU
		AppStore|ARM = AppStore|ARM
		AppStore|iPhone = AppStore|iPhone
		AppStore|iPhoneSimulator = AppStore|iPhoneSimulator
		AppStore|x64 = AppStore|x64
		AppStore|x86 = AppStore|x86
		Debug|Any CPU = Debug|Any CPU
		Debug|ARM = Debug|ARM
		Debug|iPhone = Debug|iPhone
		Debug|iPhoneSimulator = Debug|iPhoneSimulator
		Debug|x64 = Debug|x64
		Debug|x86 = Debug|x86
		Release|Any CPU = Release|Any CPU
		Release|ARM = Release|ARM
		Release|iPhone = Release|iPhone
		Release|iPhoneSimulator = Release|iPhoneSimulator
		Release|x64 = Release|x64
		Release|x86 = Release|x86
	EndGlobalSection
	GlobalSection(ProjectConfigurationPlatforms) = postSolution
		{A36FD8A8-8D78-4EF1-AD8E-F03492223173}.Ad-Hoc|Any CPU.ActiveCfg = Release|Any CPU
		{A36FD8A8-8D78-4EF1-AD8E-F03492223173}.Ad-Hoc|Any CPU.Build.0 = Release|Any CPU
		{A36FD8A8-8D78-4EF1-AD8E-F03492223173}.Ad-Hoc|Any CPU.Deploy.0 = Release|Any CPU
		{A36FD8A8-8D78-4EF1-AD8E-F03492223173}.Ad-Hoc|ARM.ActiveCfg = Release|Any CPU
		{A36FD8A8-8D78-4EF1-AD8E-F03492223173}.Ad-Hoc|ARM.Build.0 = Release|Any CPU
		{A36FD8A8-8D78-4EF1-AD8E-F03492223173}.Ad-Hoc|ARM.Deploy.0 = Release|Any CPU
		{A36FD8A8-8D78-4EF1-AD8E-F03492223173}.Ad-Hoc|iPhone.ActiveCfg = Release|Any CPU
		{A36FD8A8-8D78-4EF1-AD8E-F03492223173}.Ad-Hoc|iPhone.Build.0 = Release|Any CPU
		{A36FD8A8-8D78-4EF1-AD8E-F03492223173}.Ad-Hoc|iPhone.Deploy.0 = Release|Any CPU
		{A36FD8A8-8D78-4EF1-AD8E-F03492223173}.Ad-Hoc|iPhoneSimulator.ActiveCfg = Release|Any CPU
		{A36FD8A8-8D78-4EF1-AD8E-F03492223173}.Ad-Hoc|iPhoneSimulator.Build.0 = Release|Any CPU
		{A36FD8A8-8D78-4EF1-AD8E-F03492223173}.Ad-Hoc|iPhoneSimulator.Deploy.0 = Release|Any CPU
		{A36FD8A8-8D78-4EF1-AD8E-F03492223173}.Ad-Hoc|x64.ActiveCfg = Release|Any CPU
		{A36FD8A8-8D78-4EF1-AD8E-F03492223173}.Ad-Hoc|x64.Build.0 = Release|Any CPU
		{A36FD8A8-8D78-4EF1-AD8E-F03492223173}.Ad-Hoc|x64.Deploy.0 = Release|Any CPU
		{A36FD8A8-8D78-4EF1-AD8E-F03492223173}.Ad-Hoc|x86.ActiveCfg = Release|Any CPU
		{A36FD8A8-8D78-4EF1-AD8E-F03492223173}.Ad-Hoc|x86.Build.0 = Release|Any CPU
		{A36FD8A8-8D78-4EF1-AD8E-F03492223173}.Ad-Hoc|x86.Deploy.0 = Release|Any CPU
		{A36FD8A8-8D78-4EF1-AD8E-F03492223173}.AppStore|Any CPU.ActiveCfg = Release|Any CPU
		{A36FD8A8-8D78-4EF1-AD8E-F03492223173}.AppStore|Any CPU.Build.0 = Release|Any CPU
		{A36FD8A8-8D78-4EF1-AD8E-F03492223173}.AppStore|Any CPU.Deploy.0 = Release|Any CPU
		{A36FD8A8-8D78-4EF1-AD8E-F03492223173}.AppStore|ARM.ActiveCfg = Release|Any CPU
		{A36FD8A8-8D78-4EF1-AD8E-F03492223173}.AppStore|ARM.Build.0 = Release|Any CPU
		{A36FD8A8-8D78-4EF1-AD8E-F03492223173}.AppStore|ARM.Deploy.0 = Release|Any CPU
		{A36FD8A8-8D78-4EF1-AD8E-F03492223173}.AppStore|iPhone.ActiveCfg = Release|Any CPU
		{A36FD8A8-8D78-4EF1-AD8E-F03492223173}.AppStore|iPhone.Build.0 = Release|Any CPU
		{A36FD8A8-8D78-4EF1-AD8E-F03492223173}.AppStore|iPhone.Deploy.0 = Release|Any CPU
		{A36FD8A8-8D78-4EF1-AD8E-F03492223173}.AppStore|iPhoneSimulator.ActiveCfg = Release|Any CPU
		{A36FD8A8-8D78-4EF1-AD8E-F03492223173}.AppStore|iPhoneSimulator.Build.0 = Release|Any CPU
		{A36FD8A8-8D78-4EF1-AD8E-F03492223173}.AppStore|iPhoneSimulator.Deploy.0 = Release|Any CPU
		{A36FD8A8-8D78-4EF1-AD8E-F03492223173}.AppStore|x64.ActiveCfg = Release|Any CPU
		{A36FD8A8-8D78-4EF1-AD8E-F03492223173}.AppStore|x64.Build.0 = Release|Any CPU
		{A36FD8A8-8D78-4EF1-AD8E-F03492223173}.AppStore|x64.Deploy.0 = Release|Any CPU
		{A36FD8A8-8D78-4EF1-AD8E-F03492223173}.AppStore|x86.ActiveCfg = Release|Any CPU
		{A36FD8A8-8D78-4EF1-AD8E-F03492223173}.AppStore|x86.Build.0 = Release|Any CPU
		{A36FD8A8-8D78-4EF1-AD8E-F03492223173}.AppStore|x86.Deploy.0 = Release|Any CPU
		{A36FD8A8-8D78-4EF1-AD8E-F03492223173}.Debug|Any CPU.ActiveCfg = Debug|Any CPU
		{A36FD8A8-8D78-4EF1-AD8E-F03492223173}.Debug|Any CPU.Build.0 = Debug|Any CPU
		{A36FD8A8-8D78-4EF1-AD8E-F03492223173}.Debug|Any CPU.Deploy.0 = Debug|Any CPU
		{A36FD8A8-8D78-4EF1-AD8E-F03492223173}.Debug|ARM.ActiveCfg = Debug|Any CPU
		{A36FD8A8-8D78-4EF1-AD8E-F03492223173}.Debug|ARM.Build.0 = Debug|Any CPU
		{A36FD8A8-8D78-4EF1-AD8E-F03492223173}.Debug|ARM.Deploy.0 = Debug|Any CPU
		{A36FD8A8-8D78-4EF1-AD8E-F03492223173}.Debug|iPhone.ActiveCfg = Debug|Any CPU
		{A36FD8A8-8D78-4EF1-AD8E-F03492223173}.Debug|iPhone.Build.0 = Debug|Any CPU
		{A36FD8A8-8D78-4EF1-AD8E-F03492223173}.Debug|iPhone.Deploy.0 = Debug|Any CPU
		{A36FD8A8-8D78-4EF1-AD8E-F03492223173}.Debug|iPhoneSimulator.ActiveCfg = Debug|Any CPU
		{A36FD8A8-8D78-4EF1-AD8E-F03492223173}.Debug|iPhoneSimulator.Build.0 = Debug|Any CPU
		{A36FD8A8-8D78-4EF1-AD8E-F03492223173}.Debug|iPhoneSimulator.Deploy.0 = Debug|Any CPU
		{A36FD8A8-8D78-4EF1-AD8E-F03492223173}.Debug|x64.ActiveCfg = Debug|Any CPU
		{A36FD8A8-8D78-4EF1-AD8E-F03492223173}.Debug|x64.Build.0 = Debug|Any CPU
		{A36FD8A8-8D78-4EF1-AD8E-F03492223173}.Debug|x64.Deploy.0 = Debug|Any CPU
		{A36FD8A8-8D78-4EF1-AD8E-F03492223173}.Debug|x86.ActiveCfg = Debug|Any CPU
		{A36FD8A8-8D78-4EF1-AD8E-F03492223173}.Debug|x86.Build.0 = Debug|Any CPU
		{A36FD8A8-8D78-4EF1-AD8E-F03492223173}.Debug|x86.Deploy.0 = Debug|Any CPU
		{A36FD8A8-8D78-4EF1-AD8E-F03492223173}.Release|Any CPU.ActiveCfg = Release|Any CPU
		{A36FD8A8-8D78-4EF1-AD8E-F03492223173}.Release|Any CPU.Build.0 = Release|Any CPU
		{A36FD8A8-8D78-4EF1-AD8E-F03492223173}.Release|Any CPU.Deploy.0 = Release|Any CPU
		{A36FD8A8-8D78-4EF1-AD8E-F03492223173}.Release|ARM.ActiveCfg = Release|Any CPU
		{A36FD8A8-8D78-4EF1-AD8E-F03492223173}.Release|ARM.Build.0 = Release|Any CPU
		{A36FD8A8-8D78-4EF1-AD8E-F03492223173}.Release|ARM.Deploy.0 = Release|Any CPU
		{A36FD8A8-8D78-4EF1-AD8E-F03492223173}.Release|iPhone.ActiveCfg = Release|Any CPU
		{A36FD8A8-8D78-4EF1-AD8E-F03492223173}.Release|iPhone.Build.0 = Release|Any CPU
		{A36FD8A8-8D78-4EF1-AD8E-F03492223173}.Release|iPhone.Deploy.0 = Release|Any CPU
		{A36FD8A8-8D78-4EF1-AD8E-F03492223173}.Release|iPhoneSimulator.ActiveCfg = Release|Any CPU
		{A36FD8A8-8D78-4EF1-AD8E-F03492223173}.Release|iPhoneSimulator.Build.0 = Release|Any CPU
		{A36FD8A8-8D78-4EF1-AD8E-F03492223173}.Release|iPhoneSimulator.Deploy.0 = Release|Any CPU
		{A36FD8A8-8D78-4EF1-AD8E-F03492223173}.Release|x64.ActiveCfg = Release|Any CPU
		{A36FD8A8-8D78-4EF1-AD8E-F03492223173}.Release|x64.Build.0 = Release|Any CPU
		{A36FD8A8-8D78-4EF1-AD8E-F03492223173}.Release|x64.Deploy.0 = Release|Any CPU
		{A36FD8A8-8D78-4EF1-AD8E-F03492223173}.Release|x86.ActiveCfg = Release|Any CPU
		{A36FD8A8-8D78-4EF1-AD8E-F03492223173}.Release|x86.Build.0 = Release|Any CPU
		{A36FD8A8-8D78-4EF1-AD8E-F03492223173}.Release|x86.Deploy.0 = Release|Any CPU
		{24AEDB96-FF78-445C-9351-64EE0C39B4C0}.Ad-Hoc|Any CPU.ActiveCfg = Ad-Hoc|iPhone
		{24AEDB96-FF78-445C-9351-64EE0C39B4C0}.Ad-Hoc|ARM.ActiveCfg = Ad-Hoc|iPhone
		{24AEDB96-FF78-445C-9351-64EE0C39B4C0}.Ad-Hoc|iPhone.ActiveCfg = Ad-Hoc|iPhone
		{24AEDB96-FF78-445C-9351-64EE0C39B4C0}.Ad-Hoc|iPhone.Build.0 = Ad-Hoc|iPhone
		{24AEDB96-FF78-445C-9351-64EE0C39B4C0}.Ad-Hoc|iPhoneSimulator.ActiveCfg = Ad-Hoc|iPhoneSimulator
		{24AEDB96-FF78-445C-9351-64EE0C39B4C0}.Ad-Hoc|iPhoneSimulator.Build.0 = Ad-Hoc|iPhoneSimulator
		{24AEDB96-FF78-445C-9351-64EE0C39B4C0}.Ad-Hoc|x64.ActiveCfg = Ad-Hoc|iPhone
		{24AEDB96-FF78-445C-9351-64EE0C39B4C0}.Ad-Hoc|x86.ActiveCfg = Ad-Hoc|iPhone
		{24AEDB96-FF78-445C-9351-64EE0C39B4C0}.AppStore|Any CPU.ActiveCfg = AppStore|iPhone
		{24AEDB96-FF78-445C-9351-64EE0C39B4C0}.AppStore|ARM.ActiveCfg = AppStore|iPhone
		{24AEDB96-FF78-445C-9351-64EE0C39B4C0}.AppStore|iPhone.ActiveCfg = AppStore|iPhone
		{24AEDB96-FF78-445C-9351-64EE0C39B4C0}.AppStore|iPhone.Build.0 = AppStore|iPhone
		{24AEDB96-FF78-445C-9351-64EE0C39B4C0}.AppStore|iPhoneSimulator.ActiveCfg = AppStore|iPhoneSimulator
		{24AEDB96-FF78-445C-9351-64EE0C39B4C0}.AppStore|iPhoneSimulator.Build.0 = AppStore|iPhoneSimulator
		{24AEDB96-FF78-445C-9351-64EE0C39B4C0}.AppStore|x64.ActiveCfg = AppStore|iPhone
		{24AEDB96-FF78-445C-9351-64EE0C39B4C0}.AppStore|x86.ActiveCfg = AppStore|iPhone
		{24AEDB96-FF78-445C-9351-64EE0C39B4C0}.Debug|Any CPU.ActiveCfg = Debug|iPhone
		{24AEDB96-FF78-445C-9351-64EE0C39B4C0}.Debug|ARM.ActiveCfg = Debug|iPhone
		{24AEDB96-FF78-445C-9351-64EE0C39B4C0}.Debug|iPhone.ActiveCfg = Debug|iPhone
		{24AEDB96-FF78-445C-9351-64EE0C39B4C0}.Debug|iPhone.Build.0 = Debug|iPhone
		{24AEDB96-FF78-445C-9351-64EE0C39B4C0}.Debug|iPhoneSimulator.ActiveCfg = Debug|iPhoneSimulator
		{24AEDB96-FF78-445C-9351-64EE0C39B4C0}.Debug|iPhoneSimulator.Build.0 = Debug|iPhoneSimulator
		{24AEDB96-FF78-445C-9351-64EE0C39B4C0}.Debug|x64.ActiveCfg = Debug|iPhone
		{24AEDB96-FF78-445C-9351-64EE0C39B4C0}.Debug|x86.ActiveCfg = Debug|iPhone
		{24AEDB96-FF78-445C-9351-64EE0C39B4C0}.Release|Any CPU.ActiveCfg = Release|iPhone
		{24AEDB96-FF78-445C-9351-64EE0C39B4C0}.Release|ARM.ActiveCfg = Release|iPhone
		{24AEDB96-FF78-445C-9351-64EE0C39B4C0}.Release|iPhone.ActiveCfg = Release|iPhone
		{24AEDB96-FF78-445C-9351-64EE0C39B4C0}.Release|iPhone.Build.0 = Release|iPhone
		{24AEDB96-FF78-445C-9351-64EE0C39B4C0}.Release|iPhoneSimulator.ActiveCfg = Release|iPhoneSimulator
		{24AEDB96-FF78-445C-9351-64EE0C39B4C0}.Release|iPhoneSimulator.Build.0 = Release|iPhoneSimulator
		{24AEDB96-FF78-445C-9351-64EE0C39B4C0}.Release|x64.ActiveCfg = Release|iPhone
		{24AEDB96-FF78-445C-9351-64EE0C39B4C0}.Release|x86.ActiveCfg = Release|iPhone
		{3DF25E8A-077C-437B-8102-B6177C0065CF}.Ad-Hoc|Any CPU.ActiveCfg = Release|Any CPU
		{3DF25E8A-077C-437B-8102-B6177C0065CF}.Ad-Hoc|Any CPU.Build.0 = Release|Any CPU
		{3DF25E8A-077C-437B-8102-B6177C0065CF}.Ad-Hoc|Any CPU.Deploy.0 = Release|Any CPU
		{3DF25E8A-077C-437B-8102-B6177C0065CF}.Ad-Hoc|ARM.ActiveCfg = Release|ARM
		{3DF25E8A-077C-437B-8102-B6177C0065CF}.Ad-Hoc|ARM.Build.0 = Release|ARM
		{3DF25E8A-077C-437B-8102-B6177C0065CF}.Ad-Hoc|ARM.Deploy.0 = Release|ARM
		{3DF25E8A-077C-437B-8102-B6177C0065CF}.Ad-Hoc|iPhone.ActiveCfg = Release|Any CPU
		{3DF25E8A-077C-437B-8102-B6177C0065CF}.Ad-Hoc|iPhone.Build.0 = Release|Any CPU
		{3DF25E8A-077C-437B-8102-B6177C0065CF}.Ad-Hoc|iPhone.Deploy.0 = Release|Any CPU
		{3DF25E8A-077C-437B-8102-B6177C0065CF}.Ad-Hoc|iPhoneSimulator.ActiveCfg = Release|Any CPU
		{3DF25E8A-077C-437B-8102-B6177C0065CF}.Ad-Hoc|iPhoneSimulator.Build.0 = Release|Any CPU
		{3DF25E8A-077C-437B-8102-B6177C0065CF}.Ad-Hoc|iPhoneSimulator.Deploy.0 = Release|Any CPU
		{3DF25E8A-077C-437B-8102-B6177C0065CF}.Ad-Hoc|x64.ActiveCfg = Release|Any CPU
		{3DF25E8A-077C-437B-8102-B6177C0065CF}.Ad-Hoc|x64.Build.0 = Release|Any CPU
		{3DF25E8A-077C-437B-8102-B6177C0065CF}.Ad-Hoc|x64.Deploy.0 = Release|Any CPU
		{3DF25E8A-077C-437B-8102-B6177C0065CF}.Ad-Hoc|x86.ActiveCfg = Release|x86
		{3DF25E8A-077C-437B-8102-B6177C0065CF}.Ad-Hoc|x86.Build.0 = Release|x86
		{3DF25E8A-077C-437B-8102-B6177C0065CF}.Ad-Hoc|x86.Deploy.0 = Release|x86
		{3DF25E8A-077C-437B-8102-B6177C0065CF}.AppStore|Any CPU.ActiveCfg = Release|Any CPU
		{3DF25E8A-077C-437B-8102-B6177C0065CF}.AppStore|Any CPU.Build.0 = Release|Any CPU
		{3DF25E8A-077C-437B-8102-B6177C0065CF}.AppStore|Any CPU.Deploy.0 = Release|Any CPU
		{3DF25E8A-077C-437B-8102-B6177C0065CF}.AppStore|ARM.ActiveCfg = Release|ARM
		{3DF25E8A-077C-437B-8102-B6177C0065CF}.AppStore|ARM.Build.0 = Release|ARM
		{3DF25E8A-077C-437B-8102-B6177C0065CF}.AppStore|ARM.Deploy.0 = Release|ARM
		{3DF25E8A-077C-437B-8102-B6177C0065CF}.AppStore|iPhone.ActiveCfg = Release|Any CPU
		{3DF25E8A-077C-437B-8102-B6177C0065CF}.AppStore|iPhone.Build.0 = Release|Any CPU
		{3DF25E8A-077C-437B-8102-B6177C0065CF}.AppStore|iPhone.Deploy.0 = Release|Any CPU
		{3DF25E8A-077C-437B-8102-B6177C0065CF}.AppStore|iPhoneSimulator.ActiveCfg = Release|Any CPU
		{3DF25E8A-077C-437B-8102-B6177C0065CF}.AppStore|iPhoneSimulator.Build.0 = Release|Any CPU
		{3DF25E8A-077C-437B-8102-B6177C0065CF}.AppStore|iPhoneSimulator.Deploy.0 = Release|Any CPU
		{3DF25E8A-077C-437B-8102-B6177C0065CF}.AppStore|x64.ActiveCfg = Release|Any CPU
		{3DF25E8A-077C-437B-8102-B6177C0065CF}.AppStore|x64.Build.0 = Release|Any CPU
		{3DF25E8A-077C-437B-8102-B6177C0065CF}.AppStore|x64.Deploy.0 = Release|Any CPU
		{3DF25E8A-077C-437B-8102-B6177C0065CF}.AppStore|x86.ActiveCfg = Release|x86
		{3DF25E8A-077C-437B-8102-B6177C0065CF}.AppStore|x86.Build.0 = Release|x86
		{3DF25E8A-077C-437B-8102-B6177C0065CF}.AppStore|x86.Deploy.0 = Release|x86
		{3DF25E8A-077C-437B-8102-B6177C0065CF}.Debug|Any CPU.ActiveCfg = Debug|Any CPU
		{3DF25E8A-077C-437B-8102-B6177C0065CF}.Debug|Any CPU.Build.0 = Debug|Any CPU
		{3DF25E8A-077C-437B-8102-B6177C0065CF}.Debug|Any CPU.Deploy.0 = Debug|Any CPU
		{3DF25E8A-077C-437B-8102-B6177C0065CF}.Debug|ARM.ActiveCfg = Debug|ARM
		{3DF25E8A-077C-437B-8102-B6177C0065CF}.Debug|ARM.Build.0 = Debug|ARM
		{3DF25E8A-077C-437B-8102-B6177C0065CF}.Debug|ARM.Deploy.0 = Debug|ARM
		{3DF25E8A-077C-437B-8102-B6177C0065CF}.Debug|iPhone.ActiveCfg = Debug|Any CPU
		{3DF25E8A-077C-437B-8102-B6177C0065CF}.Debug|iPhone.Build.0 = Debug|Any CPU
		{3DF25E8A-077C-437B-8102-B6177C0065CF}.Debug|iPhone.Deploy.0 = Debug|Any CPU
		{3DF25E8A-077C-437B-8102-B6177C0065CF}.Debug|iPhoneSimulator.ActiveCfg = Debug|Any CPU
		{3DF25E8A-077C-437B-8102-B6177C0065CF}.Debug|iPhoneSimulator.Build.0 = Debug|Any CPU
		{3DF25E8A-077C-437B-8102-B6177C0065CF}.Debug|iPhoneSimulator.Deploy.0 = Debug|Any CPU
		{3DF25E8A-077C-437B-8102-B6177C0065CF}.Debug|x64.ActiveCfg = Debug|Any CPU
		{3DF25E8A-077C-437B-8102-B6177C0065CF}.Debug|x64.Build.0 = Debug|Any CPU
		{3DF25E8A-077C-437B-8102-B6177C0065CF}.Debug|x64.Deploy.0 = Debug|Any CPU
		{3DF25E8A-077C-437B-8102-B6177C0065CF}.Debug|x86.ActiveCfg = Debug|x86
		{3DF25E8A-077C-437B-8102-B6177C0065CF}.Debug|x86.Build.0 = Debug|x86
		{3DF25E8A-077C-437B-8102-B6177C0065CF}.Debug|x86.Deploy.0 = Debug|x86
		{3DF25E8A-077C-437B-8102-B6177C0065CF}.Release|Any CPU.ActiveCfg = Release|Any CPU
		{3DF25E8A-077C-437B-8102-B6177C0065CF}.Release|Any CPU.Build.0 = Release|Any CPU
		{3DF25E8A-077C-437B-8102-B6177C0065CF}.Release|Any CPU.Deploy.0 = Release|Any CPU
		{3DF25E8A-077C-437B-8102-B6177C0065CF}.Release|ARM.ActiveCfg = Release|ARM
		{3DF25E8A-077C-437B-8102-B6177C0065CF}.Release|ARM.Build.0 = Release|ARM
		{3DF25E8A-077C-437B-8102-B6177C0065CF}.Release|ARM.Deploy.0 = Release|ARM
		{3DF25E8A-077C-437B-8102-B6177C0065CF}.Release|iPhone.ActiveCfg = Release|Any CPU
		{3DF25E8A-077C-437B-8102-B6177C0065CF}.Release|iPhone.Build.0 = Release|Any CPU
		{3DF25E8A-077C-437B-8102-B6177C0065CF}.Release|iPhone.Deploy.0 = Release|Any CPU
		{3DF25E8A-077C-437B-8102-B6177C0065CF}.Release|iPhoneSimulator.ActiveCfg = Release|Any CPU
		{3DF25E8A-077C-437B-8102-B6177C0065CF}.Release|iPhoneSimulator.Build.0 = Release|Any CPU
		{3DF25E8A-077C-437B-8102-B6177C0065CF}.Release|iPhoneSimulator.Deploy.0 = Release|Any CPU
		{3DF25E8A-077C-437B-8102-B6177C0065CF}.Release|x64.ActiveCfg = Release|Any CPU
		{3DF25E8A-077C-437B-8102-B6177C0065CF}.Release|x64.Build.0 = Release|Any CPU
		{3DF25E8A-077C-437B-8102-B6177C0065CF}.Release|x64.Deploy.0 = Release|Any CPU
		{3DF25E8A-077C-437B-8102-B6177C0065CF}.Release|x86.ActiveCfg = Release|x86
		{3DF25E8A-077C-437B-8102-B6177C0065CF}.Release|x86.Build.0 = Release|x86
		{3DF25E8A-077C-437B-8102-B6177C0065CF}.Release|x86.Deploy.0 = Release|x86
		{76B0C785-E5E5-489E-9CB8-3092F150989A}.Ad-Hoc|Any CPU.ActiveCfg = Release|Any CPU
		{76B0C785-E5E5-489E-9CB8-3092F150989A}.Ad-Hoc|Any CPU.Build.0 = Release|Any CPU
		{76B0C785-E5E5-489E-9CB8-3092F150989A}.Ad-Hoc|Any CPU.Deploy.0 = Release|Any CPU
		{76B0C785-E5E5-489E-9CB8-3092F150989A}.Ad-Hoc|ARM.ActiveCfg = Release|ARM
		{76B0C785-E5E5-489E-9CB8-3092F150989A}.Ad-Hoc|ARM.Build.0 = Release|ARM
		{76B0C785-E5E5-489E-9CB8-3092F150989A}.Ad-Hoc|ARM.Deploy.0 = Release|ARM
		{76B0C785-E5E5-489E-9CB8-3092F150989A}.Ad-Hoc|iPhone.ActiveCfg = Release|Any CPU
		{76B0C785-E5E5-489E-9CB8-3092F150989A}.Ad-Hoc|iPhone.Build.0 = Release|Any CPU
		{76B0C785-E5E5-489E-9CB8-3092F150989A}.Ad-Hoc|iPhone.Deploy.0 = Release|Any CPU
		{76B0C785-E5E5-489E-9CB8-3092F150989A}.Ad-Hoc|iPhoneSimulator.ActiveCfg = Release|Any CPU
		{76B0C785-E5E5-489E-9CB8-3092F150989A}.Ad-Hoc|iPhoneSimulator.Build.0 = Release|Any CPU
		{76B0C785-E5E5-489E-9CB8-3092F150989A}.Ad-Hoc|iPhoneSimulator.Deploy.0 = Release|Any CPU
		{76B0C785-E5E5-489E-9CB8-3092F150989A}.Ad-Hoc|x64.ActiveCfg = Release|x64
		{76B0C785-E5E5-489E-9CB8-3092F150989A}.Ad-Hoc|x64.Build.0 = Release|x64
		{76B0C785-E5E5-489E-9CB8-3092F150989A}.Ad-Hoc|x64.Deploy.0 = Release|x64
		{76B0C785-E5E5-489E-9CB8-3092F150989A}.Ad-Hoc|x86.ActiveCfg = Release|x86
		{76B0C785-E5E5-489E-9CB8-3092F150989A}.Ad-Hoc|x86.Build.0 = Release|x86
		{76B0C785-E5E5-489E-9CB8-3092F150989A}.Ad-Hoc|x86.Deploy.0 = Release|x86
		{76B0C785-E5E5-489E-9CB8-3092F150989A}.AppStore|Any CPU.ActiveCfg = Release|Any CPU
		{76B0C785-E5E5-489E-9CB8-3092F150989A}.AppStore|Any CPU.Build.0 = Release|Any CPU
		{76B0C785-E5E5-489E-9CB8-3092F150989A}.AppStore|Any CPU.Deploy.0 = Release|Any CPU
		{76B0C785-E5E5-489E-9CB8-3092F150989A}.AppStore|ARM.ActiveCfg = Release|ARM
		{76B0C785-E5E5-489E-9CB8-3092F150989A}.AppStore|ARM.Build.0 = Release|ARM
		{76B0C785-E5E5-489E-9CB8-3092F150989A}.AppStore|ARM.Deploy.0 = Release|ARM
		{76B0C785-E5E5-489E-9CB8-3092F150989A}.AppStore|iPhone.ActiveCfg = Release|Any CPU
		{76B0C785-E5E5-489E-9CB8-3092F150989A}.AppStore|iPhone.Build.0 = Release|Any CPU
		{76B0C785-E5E5-489E-9CB8-3092F150989A}.AppStore|iPhone.Deploy.0 = Release|Any CPU
		{76B0C785-E5E5-489E-9CB8-3092F150989A}.AppStore|iPhoneSimulator.ActiveCfg = Release|Any CPU
		{76B0C785-E5E5-489E-9CB8-3092F150989A}.AppStore|iPhoneSimulator.Build.0 = Release|Any CPU
		{76B0C785-E5E5-489E-9CB8-3092F150989A}.AppStore|iPhoneSimulator.Deploy.0 = Release|Any CPU
		{76B0C785-E5E5-489E-9CB8-3092F150989A}.AppStore|x64.ActiveCfg = Release|x64
		{76B0C785-E5E5-489E-9CB8-3092F150989A}.AppStore|x64.Build.0 = Release|x64
		{76B0C785-E5E5-489E-9CB8-3092F150989A}.AppStore|x64.Deploy.0 = Release|x64
		{76B0C785-E5E5-489E-9CB8-3092F150989A}.AppStore|x86.ActiveCfg = Release|x86
		{76B0C785-E5E5-489E-9CB8-3092F150989A}.AppStore|x86.Build.0 = Release|x86
		{76B0C785-E5E5-489E-9CB8-3092F150989A}.AppStore|x86.Deploy.0 = Release|x86
		{76B0C785-E5E5-489E-9CB8-3092F150989A}.Debug|Any CPU.ActiveCfg = Debug|Any CPU
		{76B0C785-E5E5-489E-9CB8-3092F150989A}.Debug|Any CPU.Build.0 = Debug|Any CPU
		{76B0C785-E5E5-489E-9CB8-3092F150989A}.Debug|Any CPU.Deploy.0 = Debug|Any CPU
		{76B0C785-E5E5-489E-9CB8-3092F150989A}.Debug|ARM.ActiveCfg = Debug|ARM
		{76B0C785-E5E5-489E-9CB8-3092F150989A}.Debug|ARM.Build.0 = Debug|ARM
		{76B0C785-E5E5-489E-9CB8-3092F150989A}.Debug|ARM.Deploy.0 = Debug|ARM
		{76B0C785-E5E5-489E-9CB8-3092F150989A}.Debug|iPhone.ActiveCfg = Debug|Any CPU
		{76B0C785-E5E5-489E-9CB8-3092F150989A}.Debug|iPhone.Build.0 = Debug|Any CPU
		{76B0C785-E5E5-489E-9CB8-3092F150989A}.Debug|iPhone.Deploy.0 = Debug|Any CPU
		{76B0C785-E5E5-489E-9CB8-3092F150989A}.Debug|iPhoneSimulator.ActiveCfg = Debug|Any CPU
		{76B0C785-E5E5-489E-9CB8-3092F150989A}.Debug|iPhoneSimulator.Build.0 = Debug|Any CPU
		{76B0C785-E5E5-489E-9CB8-3092F150989A}.Debug|iPhoneSimulator.Deploy.0 = Debug|Any CPU
		{76B0C785-E5E5-489E-9CB8-3092F150989A}.Debug|x64.ActiveCfg = Debug|x64
		{76B0C785-E5E5-489E-9CB8-3092F150989A}.Debug|x64.Build.0 = Debug|x64
		{76B0C785-E5E5-489E-9CB8-3092F150989A}.Debug|x64.Deploy.0 = Debug|x64
		{76B0C785-E5E5-489E-9CB8-3092F150989A}.Debug|x86.ActiveCfg = Debug|x86
		{76B0C785-E5E5-489E-9CB8-3092F150989A}.Debug|x86.Build.0 = Debug|x86
		{76B0C785-E5E5-489E-9CB8-3092F150989A}.Debug|x86.Deploy.0 = Debug|x86
		{76B0C785-E5E5-489E-9CB8-3092F150989A}.Release|Any CPU.ActiveCfg = Release|Any CPU
		{76B0C785-E5E5-489E-9CB8-3092F150989A}.Release|Any CPU.Build.0 = Release|Any CPU
		{76B0C785-E5E5-489E-9CB8-3092F150989A}.Release|Any CPU.Deploy.0 = Release|Any CPU
		{76B0C785-E5E5-489E-9CB8-3092F150989A}.Release|ARM.ActiveCfg = Release|ARM
		{76B0C785-E5E5-489E-9CB8-3092F150989A}.Release|ARM.Build.0 = Release|ARM
		{76B0C785-E5E5-489E-9CB8-3092F150989A}.Release|ARM.Deploy.0 = Release|ARM
		{76B0C785-E5E5-489E-9CB8-3092F150989A}.Release|iPhone.ActiveCfg = Release|Any CPU
		{76B0C785-E5E5-489E-9CB8-3092F150989A}.Release|iPhone.Build.0 = Release|Any CPU
		{76B0C785-E5E5-489E-9CB8-3092F150989A}.Release|iPhone.Deploy.0 = Release|Any CPU
		{76B0C785-E5E5-489E-9CB8-3092F150989A}.Release|iPhoneSimulator.ActiveCfg = Release|Any CPU
		{76B0C785-E5E5-489E-9CB8-3092F150989A}.Release|iPhoneSimulator.Build.0 = Release|Any CPU
		{76B0C785-E5E5-489E-9CB8-3092F150989A}.Release|iPhoneSimulator.Deploy.0 = Release|Any CPU
		{76B0C785-E5E5-489E-9CB8-3092F150989A}.Release|x64.ActiveCfg = Release|x64
		{76B0C785-E5E5-489E-9CB8-3092F150989A}.Release|x64.Build.0 = Release|x64
		{76B0C785-E5E5-489E-9CB8-3092F150989A}.Release|x64.Deploy.0 = Release|x64
		{76B0C785-E5E5-489E-9CB8-3092F150989A}.Release|x86.ActiveCfg = Release|x86
		{76B0C785-E5E5-489E-9CB8-3092F150989A}.Release|x86.Build.0 = Release|x86
		{76B0C785-E5E5-489E-9CB8-3092F150989A}.Release|x86.Deploy.0 = Release|x86
		{05779811-3A1D-40E7-B68F-4454FB0DD859}.Ad-Hoc|Any CPU.ActiveCfg = Release|Any CPU
		{05779811-3A1D-40E7-B68F-4454FB0DD859}.Ad-Hoc|Any CPU.Build.0 = Release|Any CPU
		{05779811-3A1D-40E7-B68F-4454FB0DD859}.Ad-Hoc|ARM.ActiveCfg = Release|Any CPU
		{05779811-3A1D-40E7-B68F-4454FB0DD859}.Ad-Hoc|ARM.Build.0 = Release|Any CPU
		{05779811-3A1D-40E7-B68F-4454FB0DD859}.Ad-Hoc|iPhone.ActiveCfg = Release|Any CPU
		{05779811-3A1D-40E7-B68F-4454FB0DD859}.Ad-Hoc|iPhone.Build.0 = Release|Any CPU
		{05779811-3A1D-40E7-B68F-4454FB0DD859}.Ad-Hoc|iPhoneSimulator.ActiveCfg = Release|Any CPU
		{05779811-3A1D-40E7-B68F-4454FB0DD859}.Ad-Hoc|iPhoneSimulator.Build.0 = Release|Any CPU
		{05779811-3A1D-40E7-B68F-4454FB0DD859}.Ad-Hoc|x64.ActiveCfg = Release|Any CPU
		{05779811-3A1D-40E7-B68F-4454FB0DD859}.Ad-Hoc|x64.Build.0 = Release|Any CPU
		{05779811-3A1D-40E7-B68F-4454FB0DD859}.Ad-Hoc|x86.ActiveCfg = Release|Any CPU
		{05779811-3A1D-40E7-B68F-4454FB0DD859}.Ad-Hoc|x86.Build.0 = Release|Any CPU
		{05779811-3A1D-40E7-B68F-4454FB0DD859}.AppStore|Any CPU.ActiveCfg = Release|Any CPU
		{05779811-3A1D-40E7-B68F-4454FB0DD859}.AppStore|Any CPU.Build.0 = Release|Any CPU
		{05779811-3A1D-40E7-B68F-4454FB0DD859}.AppStore|ARM.ActiveCfg = Release|Any CPU
		{05779811-3A1D-40E7-B68F-4454FB0DD859}.AppStore|ARM.Build.0 = Release|Any CPU
		{05779811-3A1D-40E7-B68F-4454FB0DD859}.AppStore|iPhone.ActiveCfg = Release|Any CPU
		{05779811-3A1D-40E7-B68F-4454FB0DD859}.AppStore|iPhone.Build.0 = Release|Any CPU
		{05779811-3A1D-40E7-B68F-4454FB0DD859}.AppStore|iPhoneSimulator.ActiveCfg = Release|Any CPU
		{05779811-3A1D-40E7-B68F-4454FB0DD859}.AppStore|iPhoneSimulator.Build.0 = Release|Any CPU
		{05779811-3A1D-40E7-B68F-4454FB0DD859}.AppStore|x64.ActiveCfg = Release|Any CPU
		{05779811-3A1D-40E7-B68F-4454FB0DD859}.AppStore|x64.Build.0 = Release|Any CPU
		{05779811-3A1D-40E7-B68F-4454FB0DD859}.AppStore|x86.ActiveCfg = Release|Any CPU
		{05779811-3A1D-40E7-B68F-4454FB0DD859}.AppStore|x86.Build.0 = Release|Any CPU
		{05779811-3A1D-40E7-B68F-4454FB0DD859}.Debug|Any CPU.ActiveCfg = Debug|Any CPU
		{05779811-3A1D-40E7-B68F-4454FB0DD859}.Debug|Any CPU.Build.0 = Debug|Any CPU
		{05779811-3A1D-40E7-B68F-4454FB0DD859}.Debug|ARM.ActiveCfg = Debug|Any CPU
		{05779811-3A1D-40E7-B68F-4454FB0DD859}.Debug|ARM.Build.0 = Debug|Any CPU
		{05779811-3A1D-40E7-B68F-4454FB0DD859}.Debug|iPhone.ActiveCfg = Debug|Any CPU
		{05779811-3A1D-40E7-B68F-4454FB0DD859}.Debug|iPhone.Build.0 = Debug|Any CPU
		{05779811-3A1D-40E7-B68F-4454FB0DD859}.Debug|iPhoneSimulator.ActiveCfg = Debug|Any CPU
		{05779811-3A1D-40E7-B68F-4454FB0DD859}.Debug|iPhoneSimulator.Build.0 = Debug|Any CPU
		{05779811-3A1D-40E7-B68F-4454FB0DD859}.Debug|x64.ActiveCfg = Debug|Any CPU
		{05779811-3A1D-40E7-B68F-4454FB0DD859}.Debug|x64.Build.0 = Debug|Any CPU
		{05779811-3A1D-40E7-B68F-4454FB0DD859}.Debug|x86.ActiveCfg = Debug|Any CPU
		{05779811-3A1D-40E7-B68F-4454FB0DD859}.Debug|x86.Build.0 = Debug|Any CPU
		{05779811-3A1D-40E7-B68F-4454FB0DD859}.Release|Any CPU.ActiveCfg = Release|Any CPU
		{05779811-3A1D-40E7-B68F-4454FB0DD859}.Release|Any CPU.Build.0 = Release|Any CPU
		{05779811-3A1D-40E7-B68F-4454FB0DD859}.Release|ARM.ActiveCfg = Release|Any CPU
		{05779811-3A1D-40E7-B68F-4454FB0DD859}.Release|ARM.Build.0 = Release|Any CPU
		{05779811-3A1D-40E7-B68F-4454FB0DD859}.Release|iPhone.ActiveCfg = Release|Any CPU
		{05779811-3A1D-40E7-B68F-4454FB0DD859}.Release|iPhone.Build.0 = Release|Any CPU
		{05779811-3A1D-40E7-B68F-4454FB0DD859}.Release|iPhoneSimulator.ActiveCfg = Release|Any CPU
		{05779811-3A1D-40E7-B68F-4454FB0DD859}.Release|iPhoneSimulator.Build.0 = Release|Any CPU
		{05779811-3A1D-40E7-B68F-4454FB0DD859}.Release|x64.ActiveCfg = Release|Any CPU
		{05779811-3A1D-40E7-B68F-4454FB0DD859}.Release|x64.Build.0 = Release|Any CPU
		{05779811-3A1D-40E7-B68F-4454FB0DD859}.Release|x86.ActiveCfg = Release|Any CPU
		{05779811-3A1D-40E7-B68F-4454FB0DD859}.Release|x86.Build.0 = Release|Any CPU
		{32C3584A-FDCA-4344-B68F-8EB024E9DE15}.Ad-Hoc|Any CPU.ActiveCfg = Release|x86
		{32C3584A-FDCA-4344-B68F-8EB024E9DE15}.Ad-Hoc|Any CPU.Build.0 = Release|x86
		{32C3584A-FDCA-4344-B68F-8EB024E9DE15}.Ad-Hoc|Any CPU.Deploy.0 = Release|x86
		{32C3584A-FDCA-4344-B68F-8EB024E9DE15}.Ad-Hoc|ARM.ActiveCfg = Release|ARM
		{32C3584A-FDCA-4344-B68F-8EB024E9DE15}.Ad-Hoc|ARM.Build.0 = Release|ARM
		{32C3584A-FDCA-4344-B68F-8EB024E9DE15}.Ad-Hoc|ARM.Deploy.0 = Release|ARM
		{32C3584A-FDCA-4344-B68F-8EB024E9DE15}.Ad-Hoc|iPhone.ActiveCfg = Release|x86
		{32C3584A-FDCA-4344-B68F-8EB024E9DE15}.Ad-Hoc|iPhone.Build.0 = Release|x86
		{32C3584A-FDCA-4344-B68F-8EB024E9DE15}.Ad-Hoc|iPhone.Deploy.0 = Release|x86
		{32C3584A-FDCA-4344-B68F-8EB024E9DE15}.Ad-Hoc|iPhoneSimulator.ActiveCfg = Release|x86
		{32C3584A-FDCA-4344-B68F-8EB024E9DE15}.Ad-Hoc|iPhoneSimulator.Build.0 = Release|x86
		{32C3584A-FDCA-4344-B68F-8EB024E9DE15}.Ad-Hoc|iPhoneSimulator.Deploy.0 = Release|x86
		{32C3584A-FDCA-4344-B68F-8EB024E9DE15}.Ad-Hoc|x64.ActiveCfg = Release|x64
		{32C3584A-FDCA-4344-B68F-8EB024E9DE15}.Ad-Hoc|x64.Build.0 = Release|x64
		{32C3584A-FDCA-4344-B68F-8EB024E9DE15}.Ad-Hoc|x64.Deploy.0 = Release|x64
		{32C3584A-FDCA-4344-B68F-8EB024E9DE15}.Ad-Hoc|x86.ActiveCfg = Release|x86
		{32C3584A-FDCA-4344-B68F-8EB024E9DE15}.Ad-Hoc|x86.Build.0 = Release|x86
		{32C3584A-FDCA-4344-B68F-8EB024E9DE15}.Ad-Hoc|x86.Deploy.0 = Release|x86
		{32C3584A-FDCA-4344-B68F-8EB024E9DE15}.AppStore|Any CPU.ActiveCfg = Release|x86
		{32C3584A-FDCA-4344-B68F-8EB024E9DE15}.AppStore|Any CPU.Build.0 = Release|x86
		{32C3584A-FDCA-4344-B68F-8EB024E9DE15}.AppStore|Any CPU.Deploy.0 = Release|x86
		{32C3584A-FDCA-4344-B68F-8EB024E9DE15}.AppStore|ARM.ActiveCfg = Release|ARM
		{32C3584A-FDCA-4344-B68F-8EB024E9DE15}.AppStore|ARM.Build.0 = Release|ARM
		{32C3584A-FDCA-4344-B68F-8EB024E9DE15}.AppStore|ARM.Deploy.0 = Release|ARM
		{32C3584A-FDCA-4344-B68F-8EB024E9DE15}.AppStore|iPhone.ActiveCfg = Release|x86
		{32C3584A-FDCA-4344-B68F-8EB024E9DE15}.AppStore|iPhone.Build.0 = Release|x86
		{32C3584A-FDCA-4344-B68F-8EB024E9DE15}.AppStore|iPhone.Deploy.0 = Release|x86
		{32C3584A-FDCA-4344-B68F-8EB024E9DE15}.AppStore|iPhoneSimulator.ActiveCfg = Release|x86
		{32C3584A-FDCA-4344-B68F-8EB024E9DE15}.AppStore|iPhoneSimulator.Build.0 = Release|x86
		{32C3584A-FDCA-4344-B68F-8EB024E9DE15}.AppStore|iPhoneSimulator.Deploy.0 = Release|x86
		{32C3584A-FDCA-4344-B68F-8EB024E9DE15}.AppStore|x64.ActiveCfg = Release|x64
		{32C3584A-FDCA-4344-B68F-8EB024E9DE15}.AppStore|x64.Build.0 = Release|x64
		{32C3584A-FDCA-4344-B68F-8EB024E9DE15}.AppStore|x64.Deploy.0 = Release|x64
		{32C3584A-FDCA-4344-B68F-8EB024E9DE15}.AppStore|x86.ActiveCfg = Release|x86
		{32C3584A-FDCA-4344-B68F-8EB024E9DE15}.AppStore|x86.Build.0 = Release|x86
		{32C3584A-FDCA-4344-B68F-8EB024E9DE15}.AppStore|x86.Deploy.0 = Release|x86
		{32C3584A-FDCA-4344-B68F-8EB024E9DE15}.Debug|Any CPU.ActiveCfg = Debug|x86
		{32C3584A-FDCA-4344-B68F-8EB024E9DE15}.Debug|Any CPU.Build.0 = Debug|x86
		{32C3584A-FDCA-4344-B68F-8EB024E9DE15}.Debug|Any CPU.Deploy.0 = Debug|x86
		{32C3584A-FDCA-4344-B68F-8EB024E9DE15}.Debug|ARM.ActiveCfg = Debug|ARM
		{32C3584A-FDCA-4344-B68F-8EB024E9DE15}.Debug|ARM.Build.0 = Debug|ARM
		{32C3584A-FDCA-4344-B68F-8EB024E9DE15}.Debug|ARM.Deploy.0 = Debug|ARM
		{32C3584A-FDCA-4344-B68F-8EB024E9DE15}.Debug|iPhone.ActiveCfg = Debug|x86
		{32C3584A-FDCA-4344-B68F-8EB024E9DE15}.Debug|iPhoneSimulator.ActiveCfg = Debug|x86
		{32C3584A-FDCA-4344-B68F-8EB024E9DE15}.Debug|iPhoneSimulator.Build.0 = Debug|x86
		{32C3584A-FDCA-4344-B68F-8EB024E9DE15}.Debug|iPhoneSimulator.Deploy.0 = Debug|x86
		{32C3584A-FDCA-4344-B68F-8EB024E9DE15}.Debug|x64.ActiveCfg = Debug|x64
		{32C3584A-FDCA-4344-B68F-8EB024E9DE15}.Debug|x64.Build.0 = Debug|x64
		{32C3584A-FDCA-4344-B68F-8EB024E9DE15}.Debug|x64.Deploy.0 = Debug|x64
		{32C3584A-FDCA-4344-B68F-8EB024E9DE15}.Debug|x86.ActiveCfg = Debug|x86
		{32C3584A-FDCA-4344-B68F-8EB024E9DE15}.Debug|x86.Build.0 = Debug|x86
		{32C3584A-FDCA-4344-B68F-8EB024E9DE15}.Debug|x86.Deploy.0 = Debug|x86
		{32C3584A-FDCA-4344-B68F-8EB024E9DE15}.Release|Any CPU.ActiveCfg = Release|x86
		{32C3584A-FDCA-4344-B68F-8EB024E9DE15}.Release|ARM.ActiveCfg = Release|ARM
		{32C3584A-FDCA-4344-B68F-8EB024E9DE15}.Release|ARM.Build.0 = Release|ARM
		{32C3584A-FDCA-4344-B68F-8EB024E9DE15}.Release|ARM.Deploy.0 = Release|ARM
		{32C3584A-FDCA-4344-B68F-8EB024E9DE15}.Release|iPhone.ActiveCfg = Release|x86
		{32C3584A-FDCA-4344-B68F-8EB024E9DE15}.Release|iPhoneSimulator.ActiveCfg = Release|x86
		{32C3584A-FDCA-4344-B68F-8EB024E9DE15}.Release|x64.ActiveCfg = Release|x64
		{32C3584A-FDCA-4344-B68F-8EB024E9DE15}.Release|x64.Build.0 = Release|x64
		{32C3584A-FDCA-4344-B68F-8EB024E9DE15}.Release|x64.Deploy.0 = Release|x64
		{32C3584A-FDCA-4344-B68F-8EB024E9DE15}.Release|x86.ActiveCfg = Release|x86
		{32C3584A-FDCA-4344-B68F-8EB024E9DE15}.Release|x86.Build.0 = Release|x86
		{32C3584A-FDCA-4344-B68F-8EB024E9DE15}.Release|x86.Deploy.0 = Release|x86
	EndGlobalSection
	GlobalSection(SolutionProperties) = preSolution
		HideSolutionNode = FALSE
	EndGlobalSection
EndGlobal
