
Microsoft Visual Studio Solution File, Format Version 12.00
# Visual Studio 14
VisualStudioVersion = 14.0.25029.0
MinimumVisualStudioVersion = 10.0.40219.1
Project("{FAE04EC0-301F-11D3-BF4B-00C04F79EFBC}") = "Symple_Life_Counter.Droid", "Symple Life Counter\Symple_Life_Counter.Droid\Symple_Life_Counter.Droid.csproj", "{A6B8CB30-4D66-4DB1-9E46-F1D78C9AB5CE}"
EndProject
Project("{FAE04EC0-301F-11D3-BF4B-00C04F79EFBC}") = "Symple_Life_Counter.iOS", "Symple Life Counter\Symple_Life_Counter.iOS\Symple_Life_Counter.iOS.csproj", "{6E4B925E-8FFE-418A-87EC-1B4060CE7179}"
EndProject
Project("{FAE04EC0-301F-11D3-BF4B-00C04F79EFBC}") = "Symple_Life_Counter.WinPhone", "Symple Life Counter\Symple_Life_Counter.WinPhone\Symple_Life_Counter.WinPhone.csproj", "{651C867D-A95A-4737-BBCE-471A3D1F9544}"
EndProject
Project("{FAE04EC0-301F-11D3-BF4B-00C04F79EFBC}") = "Symple_Life_Counter.Windows", "Symple Life Counter\Symple_Life_Counter.Windows\Symple_Life_Counter.Windows.csproj", "{B016A736-4359-4572-A189-30F7A04850F0}"
EndProject
Project("{FAE04EC0-301F-11D3-BF4B-00C04F79EFBC}") = "Symple_Life_Counter", "Symple Life Counter\Symple_Life_Counter\Symple_Life_Counter.csproj", "{30AAA5A7-5B3A-45DB-9FC2-A48C837B849D}"
EndProject
Global
	GlobalSection(SolutionConfigurationPlatforms) = preSolution
		Ad-Hoc|Any CPU = Ad-Hoc|Any CPU
		Ad-Hoc|ARM = Ad-Hoc|ARM
		Ad-Hoc|iPhone = Ad-Hoc|iPhone
		Ad-Hoc|iPhoneSimulator = Ad-Hoc|iPhoneSimulator
		Ad-Hoc|x64 = Ad-Hoc|x64
		Ad-Hoc|x86 = Ad-Hoc|x86
		AppStore|Any CPU = AppStore|Any CPU
		AppStore|ARM = AppStore|ARM
		AppStore|iPhone = AppStore|iPhone
		AppStore|iPhoneSimulator = AppStore|iPhoneSimulator
		AppStore|x64 = AppStore|x64
		AppStore|x86 = AppStore|x86
		Debug|Any CPU = Debug|Any CPU
		Debug|ARM = Debug|ARM
		Debug|iPhone = Debug|iPhone
		Debug|iPhoneSimulator = Debug|iPhoneSimulator
		Debug|x64 = Debug|x64
		Debug|x86 = Debug|x86
		Release|Any CPU = Release|Any CPU
		Release|ARM = Release|ARM
		Release|iPhone = Release|iPhone
		Release|iPhoneSimulator = Release|iPhoneSimulator
		Release|x64 = Release|x64
		Release|x86 = Release|x86
	EndGlobalSection
	GlobalSection(ProjectConfigurationPlatforms) = postSolution
		{A6B8CB30-4D66-4DB1-9E46-F1D78C9AB5CE}.Ad-Hoc|Any CPU.ActiveCfg = Release|Any CPU
		{A6B8CB30-4D66-4DB1-9E46-F1D78C9AB5CE}.Ad-Hoc|Any CPU.Build.0 = Release|Any CPU
		{A6B8CB30-4D66-4DB1-9E46-F1D78C9AB5CE}.Ad-Hoc|Any CPU.Deploy.0 = Release|Any CPU
		{A6B8CB30-4D66-4DB1-9E46-F1D78C9AB5CE}.Ad-Hoc|ARM.ActiveCfg = Release|Any CPU
		{A6B8CB30-4D66-4DB1-9E46-F1D78C9AB5CE}.Ad-Hoc|ARM.Build.0 = Release|Any CPU
		{A6B8CB30-4D66-4DB1-9E46-F1D78C9AB5CE}.Ad-Hoc|ARM.Deploy.0 = Release|Any CPU
		{A6B8CB30-4D66-4DB1-9E46-F1D78C9AB5CE}.Ad-Hoc|iPhone.ActiveCfg = Release|Any CPU
		{A6B8CB30-4D66-4DB1-9E46-F1D78C9AB5CE}.Ad-Hoc|iPhone.Build.0 = Release|Any CPU
		{A6B8CB30-4D66-4DB1-9E46-F1D78C9AB5CE}.Ad-Hoc|iPhone.Deploy.0 = Release|Any CPU
		{A6B8CB30-4D66-4DB1-9E46-F1D78C9AB5CE}.Ad-Hoc|iPhoneSimulator.ActiveCfg = Release|Any CPU
		{A6B8CB30-4D66-4DB1-9E46-F1D78C9AB5CE}.Ad-Hoc|iPhoneSimulator.Build.0 = Release|Any CPU
		{A6B8CB30-4D66-4DB1-9E46-F1D78C9AB5CE}.Ad-Hoc|iPhoneSimulator.Deploy.0 = Release|Any CPU
		{A6B8CB30-4D66-4DB1-9E46-F1D78C9AB5CE}.Ad-Hoc|x64.ActiveCfg = Release|Any CPU
		{A6B8CB30-4D66-4DB1-9E46-F1D78C9AB5CE}.Ad-Hoc|x64.Build.0 = Release|Any CPU
		{A6B8CB30-4D66-4DB1-9E46-F1D78C9AB5CE}.Ad-Hoc|x64.Deploy.0 = Release|Any CPU
		{A6B8CB30-4D66-4DB1-9E46-F1D78C9AB5CE}.Ad-Hoc|x86.ActiveCfg = Release|Any CPU
		{A6B8CB30-4D66-4DB1-9E46-F1D78C9AB5CE}.Ad-Hoc|x86.Build.0 = Release|Any CPU
		{A6B8CB30-4D66-4DB1-9E46-F1D78C9AB5CE}.Ad-Hoc|x86.Deploy.0 = Release|Any CPU
		{A6B8CB30-4D66-4DB1-9E46-F1D78C9AB5CE}.AppStore|Any CPU.ActiveCfg = Release|Any CPU
		{A6B8CB30-4D66-4DB1-9E46-F1D78C9AB5CE}.AppStore|Any CPU.Build.0 = Release|Any CPU
		{A6B8CB30-4D66-4DB1-9E46-F1D78C9AB5CE}.AppStore|Any CPU.Deploy.0 = Release|Any CPU
		{A6B8CB30-4D66-4DB1-9E46-F1D78C9AB5CE}.AppStore|ARM.ActiveCfg = Release|Any CPU
		{A6B8CB30-4D66-4DB1-9E46-F1D78C9AB5CE}.AppStore|ARM.Build.0 = Release|Any CPU
		{A6B8CB30-4D66-4DB1-9E46-F1D78C9AB5CE}.AppStore|ARM.Deploy.0 = Release|Any CPU
		{A6B8CB30-4D66-4DB1-9E46-F1D78C9AB5CE}.AppStore|iPhone.ActiveCfg = Release|Any CPU
		{A6B8CB30-4D66-4DB1-9E46-F1D78C9AB5CE}.AppStore|iPhone.Build.0 = Release|Any CPU
		{A6B8CB30-4D66-4DB1-9E46-F1D78C9AB5CE}.AppStore|iPhone.Deploy.0 = Release|Any CPU
		{A6B8CB30-4D66-4DB1-9E46-F1D78C9AB5CE}.AppStore|iPhoneSimulator.ActiveCfg = Release|Any CPU
		{A6B8CB30-4D66-4DB1-9E46-F1D78C9AB5CE}.AppStore|iPhoneSimulator.Build.0 = Release|Any CPU
		{A6B8CB30-4D66-4DB1-9E46-F1D78C9AB5CE}.AppStore|iPhoneSimulator.Deploy.0 = Release|Any CPU
		{A6B8CB30-4D66-4DB1-9E46-F1D78C9AB5CE}.AppStore|x64.ActiveCfg = Release|Any CPU
		{A6B8CB30-4D66-4DB1-9E46-F1D78C9AB5CE}.AppStore|x64.Build.0 = Release|Any CPU
		{A6B8CB30-4D66-4DB1-9E46-F1D78C9AB5CE}.AppStore|x64.Deploy.0 = Release|Any CPU
		{A6B8CB30-4D66-4DB1-9E46-F1D78C9AB5CE}.AppStore|x86.ActiveCfg = Release|Any CPU
		{A6B8CB30-4D66-4DB1-9E46-F1D78C9AB5CE}.AppStore|x86.Build.0 = Release|Any CPU
		{A6B8CB30-4D66-4DB1-9E46-F1D78C9AB5CE}.AppStore|x86.Deploy.0 = Release|Any CPU
		{A6B8CB30-4D66-4DB1-9E46-F1D78C9AB5CE}.Debug|Any CPU.ActiveCfg = Debug|Any CPU
		{A6B8CB30-4D66-4DB1-9E46-F1D78C9AB5CE}.Debug|Any CPU.Build.0 = Debug|Any CPU
		{A6B8CB30-4D66-4DB1-9E46-F1D78C9AB5CE}.Debug|Any CPU.Deploy.0 = Debug|Any CPU
		{A6B8CB30-4D66-4DB1-9E46-F1D78C9AB5CE}.Debug|ARM.ActiveCfg = Debug|Any CPU
		{A6B8CB30-4D66-4DB1-9E46-F1D78C9AB5CE}.Debug|ARM.Build.0 = Debug|Any CPU
		{A6B8CB30-4D66-4DB1-9E46-F1D78C9AB5CE}.Debug|ARM.Deploy.0 = Debug|Any CPU
		{A6B8CB30-4D66-4DB1-9E46-F1D78C9AB5CE}.Debug|iPhone.ActiveCfg = Debug|Any CPU
		{A6B8CB30-4D66-4DB1-9E46-F1D78C9AB5CE}.Debug|iPhone.Build.0 = Debug|Any CPU
		{A6B8CB30-4D66-4DB1-9E46-F1D78C9AB5CE}.Debug|iPhone.Deploy.0 = Debug|Any CPU
		{A6B8CB30-4D66-4DB1-9E46-F1D78C9AB5CE}.Debug|iPhoneSimulator.ActiveCfg = Debug|Any CPU
		{A6B8CB30-4D66-4DB1-9E46-F1D78C9AB5CE}.Debug|iPhoneSimulator.Build.0 = Debug|Any CPU
		{A6B8CB30-4D66-4DB1-9E46-F1D78C9AB5CE}.Debug|iPhoneSimulator.Deploy.0 = Debug|Any CPU
		{A6B8CB30-4D66-4DB1-9E46-F1D78C9AB5CE}.Debug|x64.ActiveCfg = Debug|Any CPU
		{A6B8CB30-4D66-4DB1-9E46-F1D78C9AB5CE}.Debug|x64.Build.0 = Debug|Any CPU
		{A6B8CB30-4D66-4DB1-9E46-F1D78C9AB5CE}.Debug|x64.Deploy.0 = Debug|Any CPU
		{A6B8CB30-4D66-4DB1-9E46-F1D78C9AB5CE}.Debug|x86.ActiveCfg = Debug|Any CPU
		{A6B8CB30-4D66-4DB1-9E46-F1D78C9AB5CE}.Debug|x86.Build.0 = Debug|Any CPU
		{A6B8CB30-4D66-4DB1-9E46-F1D78C9AB5CE}.Debug|x86.Deploy.0 = Debug|Any CPU
		{A6B8CB30-4D66-4DB1-9E46-F1D78C9AB5CE}.Release|Any CPU.ActiveCfg = Release|Any CPU
		{A6B8CB30-4D66-4DB1-9E46-F1D78C9AB5CE}.Release|Any CPU.Build.0 = Release|Any CPU
		{A6B8CB30-4D66-4DB1-9E46-F1D78C9AB5CE}.Release|Any CPU.Deploy.0 = Release|Any CPU
		{A6B8CB30-4D66-4DB1-9E46-F1D78C9AB5CE}.Release|ARM.ActiveCfg = Release|Any CPU
		{A6B8CB30-4D66-4DB1-9E46-F1D78C9AB5CE}.Release|ARM.Build.0 = Release|Any CPU
		{A6B8CB30-4D66-4DB1-9E46-F1D78C9AB5CE}.Release|ARM.Deploy.0 = Release|Any CPU
		{A6B8CB30-4D66-4DB1-9E46-F1D78C9AB5CE}.Release|iPhone.ActiveCfg = Release|Any CPU
		{A6B8CB30-4D66-4DB1-9E46-F1D78C9AB5CE}.Release|iPhone.Build.0 = Release|Any CPU
		{A6B8CB30-4D66-4DB1-9E46-F1D78C9AB5CE}.Release|iPhone.Deploy.0 = Release|Any CPU
		{A6B8CB30-4D66-4DB1-9E46-F1D78C9AB5CE}.Release|iPhoneSimulator.ActiveCfg = Release|Any CPU
		{A6B8CB30-4D66-4DB1-9E46-F1D78C9AB5CE}.Release|iPhoneSimulator.Build.0 = Release|Any CPU
		{A6B8CB30-4D66-4DB1-9E46-F1D78C9AB5CE}.Release|iPhoneSimulator.Deploy.0 = Release|Any CPU
		{A6B8CB30-4D66-4DB1-9E46-F1D78C9AB5CE}.Release|x64.ActiveCfg = Release|Any CPU
		{A6B8CB30-4D66-4DB1-9E46-F1D78C9AB5CE}.Release|x64.Build.0 = Release|Any CPU
		{A6B8CB30-4D66-4DB1-9E46-F1D78C9AB5CE}.Release|x64.Deploy.0 = Release|Any CPU
		{A6B8CB30-4D66-4DB1-9E46-F1D78C9AB5CE}.Release|x86.ActiveCfg = Release|Any CPU
		{A6B8CB30-4D66-4DB1-9E46-F1D78C9AB5CE}.Release|x86.Build.0 = Release|Any CPU
		{A6B8CB30-4D66-4DB1-9E46-F1D78C9AB5CE}.Release|x86.Deploy.0 = Release|Any CPU
		{6E4B925E-8FFE-418A-87EC-1B4060CE7179}.Ad-Hoc|Any CPU.ActiveCfg = Ad-Hoc|iPhone
		{6E4B925E-8FFE-418A-87EC-1B4060CE7179}.Ad-Hoc|ARM.ActiveCfg = Ad-Hoc|iPhone
		{6E4B925E-8FFE-418A-87EC-1B4060CE7179}.Ad-Hoc|iPhone.ActiveCfg = Ad-Hoc|iPhone
		{6E4B925E-8FFE-418A-87EC-1B4060CE7179}.Ad-Hoc|iPhone.Build.0 = Ad-Hoc|iPhone
		{6E4B925E-8FFE-418A-87EC-1B4060CE7179}.Ad-Hoc|iPhoneSimulator.ActiveCfg = Ad-Hoc|iPhoneSimulator
		{6E4B925E-8FFE-418A-87EC-1B4060CE7179}.Ad-Hoc|iPhoneSimulator.Build.0 = Ad-Hoc|iPhoneSimulator
		{6E4B925E-8FFE-418A-87EC-1B4060CE7179}.Ad-Hoc|x64.ActiveCfg = Ad-Hoc|iPhone
		{6E4B925E-8FFE-418A-87EC-1B4060CE7179}.Ad-Hoc|x86.ActiveCfg = Ad-Hoc|iPhone
		{6E4B925E-8FFE-418A-87EC-1B4060CE7179}.AppStore|Any CPU.ActiveCfg = AppStore|iPhone
		{6E4B925E-8FFE-418A-87EC-1B4060CE7179}.AppStore|ARM.ActiveCfg = AppStore|iPhone
		{6E4B925E-8FFE-418A-87EC-1B4060CE7179}.AppStore|iPhone.ActiveCfg = AppStore|iPhone
		{6E4B925E-8FFE-418A-87EC-1B4060CE7179}.AppStore|iPhone.Build.0 = AppStore|iPhone
		{6E4B925E-8FFE-418A-87EC-1B4060CE7179}.AppStore|iPhoneSimulator.ActiveCfg = AppStore|iPhoneSimulator
		{6E4B925E-8FFE-418A-87EC-1B4060CE7179}.AppStore|iPhoneSimulator.Build.0 = AppStore|iPhoneSimulator
		{6E4B925E-8FFE-418A-87EC-1B4060CE7179}.AppStore|x64.ActiveCfg = AppStore|iPhone
		{6E4B925E-8FFE-418A-87EC-1B4060CE7179}.AppStore|x86.ActiveCfg = AppStore|iPhone
		{6E4B925E-8FFE-418A-87EC-1B4060CE7179}.Debug|Any CPU.ActiveCfg = Debug|iPhone
		{6E4B925E-8FFE-418A-87EC-1B4060CE7179}.Debug|ARM.ActiveCfg = Debug|iPhone
		{6E4B925E-8FFE-418A-87EC-1B4060CE7179}.Debug|iPhone.ActiveCfg = Debug|iPhone
		{6E4B925E-8FFE-418A-87EC-1B4060CE7179}.Debug|iPhone.Build.0 = Debug|iPhone
		{6E4B925E-8FFE-418A-87EC-1B4060CE7179}.Debug|iPhoneSimulator.ActiveCfg = Debug|iPhoneSimulator
		{6E4B925E-8FFE-418A-87EC-1B4060CE7179}.Debug|iPhoneSimulator.Build.0 = Debug|iPhoneSimulator
		{6E4B925E-8FFE-418A-87EC-1B4060CE7179}.Debug|x64.ActiveCfg = Debug|iPhone
		{6E4B925E-8FFE-418A-87EC-1B4060CE7179}.Debug|x86.ActiveCfg = Debug|iPhone
		{6E4B925E-8FFE-418A-87EC-1B4060CE7179}.Release|Any CPU.ActiveCfg = Release|iPhone
		{6E4B925E-8FFE-418A-87EC-1B4060CE7179}.Release|ARM.ActiveCfg = Release|iPhone
		{6E4B925E-8FFE-418A-87EC-1B4060CE7179}.Release|iPhone.ActiveCfg = Release|iPhone
		{6E4B925E-8FFE-418A-87EC-1B4060CE7179}.Release|iPhone.Build.0 = Release|iPhone
		{6E4B925E-8FFE-418A-87EC-1B4060CE7179}.Release|iPhoneSimulator.ActiveCfg = Release|iPhoneSimulator
		{6E4B925E-8FFE-418A-87EC-1B4060CE7179}.Release|iPhoneSimulator.Build.0 = Release|iPhoneSimulator
		{6E4B925E-8FFE-418A-87EC-1B4060CE7179}.Release|x64.ActiveCfg = Release|iPhone
		{6E4B925E-8FFE-418A-87EC-1B4060CE7179}.Release|x86.ActiveCfg = Release|iPhone
		{651C867D-A95A-4737-BBCE-471A3D1F9544}.Ad-Hoc|Any CPU.ActiveCfg = Release|Any CPU
		{651C867D-A95A-4737-BBCE-471A3D1F9544}.Ad-Hoc|Any CPU.Build.0 = Release|Any CPU
		{651C867D-A95A-4737-BBCE-471A3D1F9544}.Ad-Hoc|Any CPU.Deploy.0 = Release|Any CPU
		{651C867D-A95A-4737-BBCE-471A3D1F9544}.Ad-Hoc|ARM.ActiveCfg = Release|ARM
		{651C867D-A95A-4737-BBCE-471A3D1F9544}.Ad-Hoc|ARM.Build.0 = Release|ARM
		{651C867D-A95A-4737-BBCE-471A3D1F9544}.Ad-Hoc|ARM.Deploy.0 = Release|ARM
		{651C867D-A95A-4737-BBCE-471A3D1F9544}.Ad-Hoc|iPhone.ActiveCfg = Release|Any CPU
		{651C867D-A95A-4737-BBCE-471A3D1F9544}.Ad-Hoc|iPhone.Build.0 = Release|Any CPU
		{651C867D-A95A-4737-BBCE-471A3D1F9544}.Ad-Hoc|iPhone.Deploy.0 = Release|Any CPU
		{651C867D-A95A-4737-BBCE-471A3D1F9544}.Ad-Hoc|iPhoneSimulator.ActiveCfg = Release|Any CPU
		{651C867D-A95A-4737-BBCE-471A3D1F9544}.Ad-Hoc|iPhoneSimulator.Build.0 = Release|Any CPU
		{651C867D-A95A-4737-BBCE-471A3D1F9544}.Ad-Hoc|iPhoneSimulator.Deploy.0 = Release|Any CPU
		{651C867D-A95A-4737-BBCE-471A3D1F9544}.Ad-Hoc|x64.ActiveCfg = Release|Any CPU
		{651C867D-A95A-4737-BBCE-471A3D1F9544}.Ad-Hoc|x64.Build.0 = Release|Any CPU
		{651C867D-A95A-4737-BBCE-471A3D1F9544}.Ad-Hoc|x64.Deploy.0 = Release|Any CPU
		{651C867D-A95A-4737-BBCE-471A3D1F9544}.Ad-Hoc|x86.ActiveCfg = Release|x86
		{651C867D-A95A-4737-BBCE-471A3D1F9544}.Ad-Hoc|x86.Build.0 = Release|x86
		{651C867D-A95A-4737-BBCE-471A3D1F9544}.Ad-Hoc|x86.Deploy.0 = Release|x86
		{651C867D-A95A-4737-BBCE-471A3D1F9544}.AppStore|Any CPU.ActiveCfg = Release|Any CPU
		{651C867D-A95A-4737-BBCE-471A3D1F9544}.AppStore|Any CPU.Build.0 = Release|Any CPU
		{651C867D-A95A-4737-BBCE-471A3D1F9544}.AppStore|Any CPU.Deploy.0 = Release|Any CPU
		{651C867D-A95A-4737-BBCE-471A3D1F9544}.AppStore|ARM.ActiveCfg = Release|ARM
		{651C867D-A95A-4737-BBCE-471A3D1F9544}.AppStore|ARM.Build.0 = Release|ARM
		{651C867D-A95A-4737-BBCE-471A3D1F9544}.AppStore|ARM.Deploy.0 = Release|ARM
		{651C867D-A95A-4737-BBCE-471A3D1F9544}.AppStore|iPhone.ActiveCfg = Release|Any CPU
		{651C867D-A95A-4737-BBCE-471A3D1F9544}.AppStore|iPhone.Build.0 = Release|Any CPU
		{651C867D-A95A-4737-BBCE-471A3D1F9544}.AppStore|iPhone.Deploy.0 = Release|Any CPU
		{651C867D-A95A-4737-BBCE-471A3D1F9544}.AppStore|iPhoneSimulator.ActiveCfg = Release|Any CPU
		{651C867D-A95A-4737-BBCE-471A3D1F9544}.AppStore|iPhoneSimulator.Build.0 = Release|Any CPU
		{651C867D-A95A-4737-BBCE-471A3D1F9544}.AppStore|iPhoneSimulator.Deploy.0 = Release|Any CPU
		{651C867D-A95A-4737-BBCE-471A3D1F9544}.AppStore|x64.ActiveCfg = Release|Any CPU
		{651C867D-A95A-4737-BBCE-471A3D1F9544}.AppStore|x64.Build.0 = Release|Any CPU
		{651C867D-A95A-4737-BBCE-471A3D1F9544}.AppStore|x64.Deploy.0 = Release|Any CPU
		{651C867D-A95A-4737-BBCE-471A3D1F9544}.AppStore|x86.ActiveCfg = Release|x86
		{651C867D-A95A-4737-BBCE-471A3D1F9544}.AppStore|x86.Build.0 = Release|x86
		{651C867D-A95A-4737-BBCE-471A3D1F9544}.AppStore|x86.Deploy.0 = Release|x86
		{651C867D-A95A-4737-BBCE-471A3D1F9544}.Debug|Any CPU.ActiveCfg = Debug|Any CPU
		{651C867D-A95A-4737-BBCE-471A3D1F9544}.Debug|Any CPU.Build.0 = Debug|Any CPU
		{651C867D-A95A-4737-BBCE-471A3D1F9544}.Debug|Any CPU.Deploy.0 = Debug|Any CPU
		{651C867D-A95A-4737-BBCE-471A3D1F9544}.Debug|ARM.ActiveCfg = Debug|ARM
		{651C867D-A95A-4737-BBCE-471A3D1F9544}.Debug|ARM.Build.0 = Debug|ARM
		{651C867D-A95A-4737-BBCE-471A3D1F9544}.Debug|ARM.Deploy.0 = Debug|ARM
		{651C867D-A95A-4737-BBCE-471A3D1F9544}.Debug|iPhone.ActiveCfg = Debug|Any CPU
		{651C867D-A95A-4737-BBCE-471A3D1F9544}.Debug|iPhone.Build.0 = Debug|Any CPU
		{651C867D-A95A-4737-BBCE-471A3D1F9544}.Debug|iPhone.Deploy.0 = Debug|Any CPU
		{651C867D-A95A-4737-BBCE-471A3D1F9544}.Debug|iPhoneSimulator.ActiveCfg = Debug|Any CPU
		{651C867D-A95A-4737-BBCE-471A3D1F9544}.Debug|iPhoneSimulator.Build.0 = Debug|Any CPU
		{651C867D-A95A-4737-BBCE-471A3D1F9544}.Debug|iPhoneSimulator.Deploy.0 = Debug|Any CPU
		{651C867D-A95A-4737-BBCE-471A3D1F9544}.Debug|x64.ActiveCfg = Debug|Any CPU
		{651C867D-A95A-4737-BBCE-471A3D1F9544}.Debug|x64.Build.0 = Debug|Any CPU
		{651C867D-A95A-4737-BBCE-471A3D1F9544}.Debug|x64.Deploy.0 = Debug|Any CPU
		{651C867D-A95A-4737-BBCE-471A3D1F9544}.Debug|x86.ActiveCfg = Debug|x86
		{651C867D-A95A-4737-BBCE-471A3D1F9544}.Debug|x86.Build.0 = Debug|x86
		{651C867D-A95A-4737-BBCE-471A3D1F9544}.Debug|x86.Deploy.0 = Debug|x86
		{651C867D-A95A-4737-BBCE-471A3D1F9544}.Release|Any CPU.ActiveCfg = Release|Any CPU
		{651C867D-A95A-4737-BBCE-471A3D1F9544}.Release|Any CPU.Build.0 = Release|Any CPU
		{651C867D-A95A-4737-BBCE-471A3D1F9544}.Release|Any CPU.Deploy.0 = Release|Any CPU
		{651C867D-A95A-4737-BBCE-471A3D1F9544}.Release|ARM.ActiveCfg = Release|ARM
		{651C867D-A95A-4737-BBCE-471A3D1F9544}.Release|ARM.Build.0 = Release|ARM
		{651C867D-A95A-4737-BBCE-471A3D1F9544}.Release|ARM.Deploy.0 = Release|ARM
		{651C867D-A95A-4737-BBCE-471A3D1F9544}.Release|iPhone.ActiveCfg = Release|Any CPU
		{651C867D-A95A-4737-BBCE-471A3D1F9544}.Release|iPhone.Build.0 = Release|Any CPU
		{651C867D-A95A-4737-BBCE-471A3D1F9544}.Release|iPhone.Deploy.0 = Release|Any CPU
		{651C867D-A95A-4737-BBCE-471A3D1F9544}.Release|iPhoneSimulator.ActiveCfg = Release|Any CPU
		{651C867D-A95A-4737-BBCE-471A3D1F9544}.Release|iPhoneSimulator.Build.0 = Release|Any CPU
		{651C867D-A95A-4737-BBCE-471A3D1F9544}.Release|iPhoneSimulator.Deploy.0 = Release|Any CPU
		{651C867D-A95A-4737-BBCE-471A3D1F9544}.Release|x64.ActiveCfg = Release|Any CPU
		{651C867D-A95A-4737-BBCE-471A3D1F9544}.Release|x64.Build.0 = Release|Any CPU
		{651C867D-A95A-4737-BBCE-471A3D1F9544}.Release|x64.Deploy.0 = Release|Any CPU
		{651C867D-A95A-4737-BBCE-471A3D1F9544}.Release|x86.ActiveCfg = Release|x86
		{651C867D-A95A-4737-BBCE-471A3D1F9544}.Release|x86.Build.0 = Release|x86
		{651C867D-A95A-4737-BBCE-471A3D1F9544}.Release|x86.Deploy.0 = Release|x86
		{B016A736-4359-4572-A189-30F7A04850F0}.Ad-Hoc|Any CPU.ActiveCfg = Release|Any CPU
		{B016A736-4359-4572-A189-30F7A04850F0}.Ad-Hoc|Any CPU.Build.0 = Release|Any CPU
		{B016A736-4359-4572-A189-30F7A04850F0}.Ad-Hoc|Any CPU.Deploy.0 = Release|Any CPU
		{B016A736-4359-4572-A189-30F7A04850F0}.Ad-Hoc|ARM.ActiveCfg = Release|ARM
		{B016A736-4359-4572-A189-30F7A04850F0}.Ad-Hoc|ARM.Build.0 = Release|ARM
		{B016A736-4359-4572-A189-30F7A04850F0}.Ad-Hoc|ARM.Deploy.0 = Release|ARM
		{B016A736-4359-4572-A189-30F7A04850F0}.Ad-Hoc|iPhone.ActiveCfg = Release|Any CPU
		{B016A736-4359-4572-A189-30F7A04850F0}.Ad-Hoc|iPhone.Build.0 = Release|Any CPU
		{B016A736-4359-4572-A189-30F7A04850F0}.Ad-Hoc|iPhone.Deploy.0 = Release|Any CPU
		{B016A736-4359-4572-A189-30F7A04850F0}.Ad-Hoc|iPhoneSimulator.ActiveCfg = Release|Any CPU
		{B016A736-4359-4572-A189-30F7A04850F0}.Ad-Hoc|iPhoneSimulator.Build.0 = Release|Any CPU
		{B016A736-4359-4572-A189-30F7A04850F0}.Ad-Hoc|iPhoneSimulator.Deploy.0 = Release|Any CPU
		{B016A736-4359-4572-A189-30F7A04850F0}.Ad-Hoc|x64.ActiveCfg = Release|x64
		{B016A736-4359-4572-A189-30F7A04850F0}.Ad-Hoc|x64.Build.0 = Release|x64
		{B016A736-4359-4572-A189-30F7A04850F0}.Ad-Hoc|x64.Deploy.0 = Release|x64
		{B016A736-4359-4572-A189-30F7A04850F0}.Ad-Hoc|x86.ActiveCfg = Release|x86
		{B016A736-4359-4572-A189-30F7A04850F0}.Ad-Hoc|x86.Build.0 = Release|x86
		{B016A736-4359-4572-A189-30F7A04850F0}.Ad-Hoc|x86.Deploy.0 = Release|x86
		{B016A736-4359-4572-A189-30F7A04850F0}.AppStore|Any CPU.ActiveCfg = Release|Any CPU
		{B016A736-4359-4572-A189-30F7A04850F0}.AppStore|Any CPU.Build.0 = Release|Any CPU
		{B016A736-4359-4572-A189-30F7A04850F0}.AppStore|Any CPU.Deploy.0 = Release|Any CPU
		{B016A736-4359-4572-A189-30F7A04850F0}.AppStore|ARM.ActiveCfg = Release|ARM
		{B016A736-4359-4572-A189-30F7A04850F0}.AppStore|ARM.Build.0 = Release|ARM
		{B016A736-4359-4572-A189-30F7A04850F0}.AppStore|ARM.Deploy.0 = Release|ARM
		{B016A736-4359-4572-A189-30F7A04850F0}.AppStore|iPhone.ActiveCfg = Release|Any CPU
		{B016A736-4359-4572-A189-30F7A04850F0}.AppStore|iPhone.Build.0 = Release|Any CPU
		{B016A736-4359-4572-A189-30F7A04850F0}.AppStore|iPhone.Deploy.0 = Release|Any CPU
		{B016A736-4359-4572-A189-30F7A04850F0}.AppStore|iPhoneSimulator.ActiveCfg = Release|Any CPU
		{B016A736-4359-4572-A189-30F7A04850F0}.AppStore|iPhoneSimulator.Build.0 = Release|Any CPU
		{B016A736-4359-4572-A189-30F7A04850F0}.AppStore|iPhoneSimulator.Deploy.0 = Release|Any CPU
		{B016A736-4359-4572-A189-30F7A04850F0}.AppStore|x64.ActiveCfg = Release|x64
		{B016A736-4359-4572-A189-30F7A04850F0}.AppStore|x64.Build.0 = Release|x64
		{B016A736-4359-4572-A189-30F7A04850F0}.AppStore|x64.Deploy.0 = Release|x64
		{B016A736-4359-4572-A189-30F7A04850F0}.AppStore|x86.ActiveCfg = Release|x86
		{B016A736-4359-4572-A189-30F7A04850F0}.AppStore|x86.Build.0 = Release|x86
		{B016A736-4359-4572-A189-30F7A04850F0}.AppStore|x86.Deploy.0 = Release|x86
		{B016A736-4359-4572-A189-30F7A04850F0}.Debug|Any CPU.ActiveCfg = Debug|Any CPU
		{B016A736-4359-4572-A189-30F7A04850F0}.Debug|Any CPU.Build.0 = Debug|Any CPU
		{B016A736-4359-4572-A189-30F7A04850F0}.Debug|Any CPU.Deploy.0 = Debug|Any CPU
		{B016A736-4359-4572-A189-30F7A04850F0}.Debug|ARM.ActiveCfg = Debug|ARM
		{B016A736-4359-4572-A189-30F7A04850F0}.Debug|ARM.Build.0 = Debug|ARM
		{B016A736-4359-4572-A189-30F7A04850F0}.Debug|ARM.Deploy.0 = Debug|ARM
		{B016A736-4359-4572-A189-30F7A04850F0}.Debug|iPhone.ActiveCfg = Debug|Any CPU
		{B016A736-4359-4572-A189-30F7A04850F0}.Debug|iPhone.Build.0 = Debug|Any CPU
		{B016A736-4359-4572-A189-30F7A04850F0}.Debug|iPhone.Deploy.0 = Debug|Any CPU
		{B016A736-4359-4572-A189-30F7A04850F0}.Debug|iPhoneSimulator.ActiveCfg = Debug|Any CPU
		{B016A736-4359-4572-A189-30F7A04850F0}.Debug|iPhoneSimulator.Build.0 = Debug|Any CPU
		{B016A736-4359-4572-A189-30F7A04850F0}.Debug|iPhoneSimulator.Deploy.0 = Debug|Any CPU
		{B016A736-4359-4572-A189-30F7A04850F0}.Debug|x64.ActiveCfg = Debug|x64
		{B016A736-4359-4572-A189-30F7A04850F0}.Debug|x64.Build.0 = Debug|x64
		{B016A736-4359-4572-A189-30F7A04850F0}.Debug|x64.Deploy.0 = Debug|x64
		{B016A736-4359-4572-A189-30F7A04850F0}.Debug|x86.ActiveCfg = Debug|x86
		{B016A736-4359-4572-A189-30F7A04850F0}.Debug|x86.Build.0 = Debug|x86
		{B016A736-4359-4572-A189-30F7A04850F0}.Debug|x86.Deploy.0 = Debug|x86
		{B016A736-4359-4572-A189-30F7A04850F0}.Release|Any CPU.ActiveCfg = Release|Any CPU
		{B016A736-4359-4572-A189-30F7A04850F0}.Release|Any CPU.Build.0 = Release|Any CPU
		{B016A736-4359-4572-A189-30F7A04850F0}.Release|Any CPU.Deploy.0 = Release|Any CPU
		{B016A736-4359-4572-A189-30F7A04850F0}.Release|ARM.ActiveCfg = Release|ARM
		{B016A736-4359-4572-A189-30F7A04850F0}.Release|ARM.Build.0 = Release|ARM
		{B016A736-4359-4572-A189-30F7A04850F0}.Release|ARM.Deploy.0 = Release|ARM
		{B016A736-4359-4572-A189-30F7A04850F0}.Release|iPhone.ActiveCfg = Release|Any CPU
		{B016A736-4359-4572-A189-30F7A04850F0}.Release|iPhone.Build.0 = Release|Any CPU
		{B016A736-4359-4572-A189-30F7A04850F0}.Release|iPhone.Deploy.0 = Release|Any CPU
		{B016A736-4359-4572-A189-30F7A04850F0}.Release|iPhoneSimulator.ActiveCfg = Release|Any CPU
		{B016A736-4359-4572-A189-30F7A04850F0}.Release|iPhoneSimulator.Build.0 = Release|Any CPU
		{B016A736-4359-4572-A189-30F7A04850F0}.Release|iPhoneSimulator.Deploy.0 = Release|Any CPU
		{B016A736-4359-4572-A189-30F7A04850F0}.Release|x64.ActiveCfg = Release|x64
		{B016A736-4359-4572-A189-30F7A04850F0}.Release|x64.Build.0 = Release|x64
		{B016A736-4359-4572-A189-30F7A04850F0}.Release|x64.Deploy.0 = Release|x64
		{B016A736-4359-4572-A189-30F7A04850F0}.Release|x86.ActiveCfg = Release|x86
		{B016A736-4359-4572-A189-30F7A04850F0}.Release|x86.Build.0 = Release|x86
		{B016A736-4359-4572-A189-30F7A04850F0}.Release|x86.Deploy.0 = Release|x86
		{30AAA5A7-5B3A-45DB-9FC2-A48C837B849D}.Ad-Hoc|Any CPU.ActiveCfg = Release|Any CPU
		{30AAA5A7-5B3A-45DB-9FC2-A48C837B849D}.Ad-Hoc|Any CPU.Build.0 = Release|Any CPU
		{30AAA5A7-5B3A-45DB-9FC2-A48C837B849D}.Ad-Hoc|ARM.ActiveCfg = Release|Any CPU
		{30AAA5A7-5B3A-45DB-9FC2-A48C837B849D}.Ad-Hoc|ARM.Build.0 = Release|Any CPU
		{30AAA5A7-5B3A-45DB-9FC2-A48C837B849D}.Ad-Hoc|iPhone.ActiveCfg = Release|Any CPU
		{30AAA5A7-5B3A-45DB-9FC2-A48C837B849D}.Ad-Hoc|iPhone.Build.0 = Release|Any CPU
		{30AAA5A7-5B3A-45DB-9FC2-A48C837B849D}.Ad-Hoc|iPhoneSimulator.ActiveCfg = Release|Any CPU
		{30AAA5A7-5B3A-45DB-9FC2-A48C837B849D}.Ad-Hoc|iPhoneSimulator.Build.0 = Release|Any CPU
		{30AAA5A7-5B3A-45DB-9FC2-A48C837B849D}.Ad-Hoc|x64.ActiveCfg = Release|Any CPU
		{30AAA5A7-5B3A-45DB-9FC2-A48C837B849D}.Ad-Hoc|x64.Build.0 = Release|Any CPU
		{30AAA5A7-5B3A-45DB-9FC2-A48C837B849D}.Ad-Hoc|x86.ActiveCfg = Release|Any CPU
		{30AAA5A7-5B3A-45DB-9FC2-A48C837B849D}.Ad-Hoc|x86.Build.0 = Release|Any CPU
		{30AAA5A7-5B3A-45DB-9FC2-A48C837B849D}.AppStore|Any CPU.ActiveCfg = Release|Any CPU
		{30AAA5A7-5B3A-45DB-9FC2-A48C837B849D}.AppStore|Any CPU.Build.0 = Release|Any CPU
		{30AAA5A7-5B3A-45DB-9FC2-A48C837B849D}.AppStore|ARM.ActiveCfg = Release|Any CPU
		{30AAA5A7-5B3A-45DB-9FC2-A48C837B849D}.AppStore|ARM.Build.0 = Release|Any CPU
		{30AAA5A7-5B3A-45DB-9FC2-A48C837B849D}.AppStore|iPhone.ActiveCfg = Release|Any CPU
		{30AAA5A7-5B3A-45DB-9FC2-A48C837B849D}.AppStore|iPhone.Build.0 = Release|Any CPU
		{30AAA5A7-5B3A-45DB-9FC2-A48C837B849D}.AppStore|iPhoneSimulator.ActiveCfg = Release|Any CPU
		{30AAA5A7-5B3A-45DB-9FC2-A48C837B849D}.AppStore|iPhoneSimulator.Build.0 = Release|Any CPU
		{30AAA5A7-5B3A-45DB-9FC2-A48C837B849D}.AppStore|x64.ActiveCfg = Release|Any CPU
		{30AAA5A7-5B3A-45DB-9FC2-A48C837B849D}.AppStore|x64.Build.0 = Release|Any CPU
		{30AAA5A7-5B3A-45DB-9FC2-A48C837B849D}.AppStore|x86.ActiveCfg = Release|Any CPU
		{30AAA5A7-5B3A-45DB-9FC2-A48C837B849D}.AppStore|x86.Build.0 = Release|Any CPU
		{30AAA5A7-5B3A-45DB-9FC2-A48C837B849D}.Debug|Any CPU.ActiveCfg = Debug|Any CPU
		{30AAA5A7-5B3A-45DB-9FC2-A48C837B849D}.Debug|Any CPU.Build.0 = Debug|Any CPU
		{30AAA5A7-5B3A-45DB-9FC2-A48C837B849D}.Debug|ARM.ActiveCfg = Debug|Any CPU
		{30AAA5A7-5B3A-45DB-9FC2-A48C837B849D}.Debug|ARM.Build.0 = Debug|Any CPU
		{30AAA5A7-5B3A-45DB-9FC2-A48C837B849D}.Debug|iPhone.ActiveCfg = Debug|Any CPU
		{30AAA5A7-5B3A-45DB-9FC2-A48C837B849D}.Debug|iPhone.Build.0 = Debug|Any CPU
		{30AAA5A7-5B3A-45DB-9FC2-A48C837B849D}.Debug|iPhoneSimulator.ActiveCfg = Debug|Any CPU
		{30AAA5A7-5B3A-45DB-9FC2-A48C837B849D}.Debug|iPhoneSimulator.Build.0 = Debug|Any CPU
		{30AAA5A7-5B3A-45DB-9FC2-A48C837B849D}.Debug|x64.ActiveCfg = Debug|Any CPU
		{30AAA5A7-5B3A-45DB-9FC2-A48C837B849D}.Debug|x64.Build.0 = Debug|Any CPU
		{30AAA5A7-5B3A-45DB-9FC2-A48C837B849D}.Debug|x86.ActiveCfg = Debug|Any CPU
		{30AAA5A7-5B3A-45DB-9FC2-A48C837B849D}.Debug|x86.Build.0 = Debug|Any CPU
		{30AAA5A7-5B3A-45DB-9FC2-A48C837B849D}.Release|Any CPU.ActiveCfg = Release|Any CPU
		{30AAA5A7-5B3A-45DB-9FC2-A48C837B849D}.Release|Any CPU.Build.0 = Release|Any CPU
		{30AAA5A7-5B3A-45DB-9FC2-A48C837B849D}.Release|ARM.ActiveCfg = Release|Any CPU
		{30AAA5A7-5B3A-45DB-9FC2-A48C837B849D}.Release|ARM.Build.0 = Release|Any CPU
		{30AAA5A7-5B3A-45DB-9FC2-A48C837B849D}.Release|iPhone.ActiveCfg = Release|Any CPU
		{30AAA5A7-5B3A-45DB-9FC2-A48C837B849D}.Release|iPhone.Build.0 = Release|Any CPU
		{30AAA5A7-5B3A-45DB-9FC2-A48C837B849D}.Release|iPhoneSimulator.ActiveCfg = Release|Any CPU
		{30AAA5A7-5B3A-45DB-9FC2-A48C837B849D}.Release|iPhoneSimulator.Build.0 = Release|Any CPU
		{30AAA5A7-5B3A-45DB-9FC2-A48C837B849D}.Release|x64.ActiveCfg = Release|Any CPU
		{30AAA5A7-5B3A-45DB-9FC2-A48C837B849D}.Release|x64.Build.0 = Release|Any CPU
		{30AAA5A7-5B3A-45DB-9FC2-A48C837B849D}.Release|x86.ActiveCfg = Release|Any CPU
		{30AAA5A7-5B3A-45DB-9FC2-A48C837B849D}.Release|x86.Build.0 = Release|Any CPU
	EndGlobalSection
	GlobalSection(SolutionProperties) = preSolution
		HideSolutionNode = FALSE
	EndGlobalSection
EndGlobal
